
Microsoft Visual Studio Solution File, Format Version 12.00
# Visual Studio Version 16
VisualStudioVersion = 16.0.31410.357
MinimumVisualStudioVersion = 10.0.40219.1
Project("{FAE04EC0-301F-11D3-BF4B-00C04F79EFBC}") = "ASCOM.Stroblhofwarte.Rotator", "ASCOM.Stroblhofwarte.Rotator\ASCOM.Stroblhofwarte.Rotator.csproj", "{64308775-BD4A-469C-BCAB-3ED830B811AF}"
EndProject
Project("{FAE04EC0-301F-11D3-BF4B-00C04F79EFBC}") = "ASCOM.Stroblhofwarte.Rotator.test", "ASCOM.Stroblhofwarte.Rotator.test\ASCOM.Stroblhofwarte.Rotator.test.csproj", "{D5207217-61C7-4E94-8097-91DBACE57D2A}"
EndProject
Project("{2150E333-8FDC-42A3-9474-1A3956D46DE8}") = "Firmware", "Firmware", "{B56226B9-5AD4-4E92-A7A5-917A20DCD95F}"
	ProjectSection(SolutionItems) = preProject
		Firmware\Rotator\Rotator.ino = Firmware\Rotator\Rotator.ino
	EndProjectSection
EndProject
Project("{9A19103F-16F7-4668-BE54-9A1E7A4F7556}") = "Stroblhofwarte.Rotator.MqttGateway", "Stroblhowarte.Rotator.MqttGateway\Stroblhofwarte.Rotator.MqttGateway.csproj", "{3E10302D-A379-47E4-9964-4E057C688E00}"
EndProject
Project("{FAE04EC0-301F-11D3-BF4B-00C04F79EFBC}") = "ASCOM.Stroblhofwarte.mqtt.Rotator", "ASCOM.Stroblhofwarte.mqtt.Rotator\ASCOM.Stroblhofwarte.mqtt.Rotator.csproj", "{9D6F55C7-BBA1-492D-B89C-62008F634810}"
EndProject
Global
	GlobalSection(SolutionConfigurationPlatforms) = preSolution
		Debug|Any CPU = Debug|Any CPU
		Release|Any CPU = Release|Any CPU
	EndGlobalSection
	GlobalSection(ProjectConfigurationPlatforms) = postSolution
		{64308775-BD4A-469C-BCAB-3ED830B811AF}.Debug|Any CPU.ActiveCfg = Debug|Any CPU
		{64308775-BD4A-469C-BCAB-3ED830B811AF}.Debug|Any CPU.Build.0 = Debug|Any CPU
		{64308775-BD4A-469C-BCAB-3ED830B811AF}.Release|Any CPU.ActiveCfg = Release|Any CPU
		{64308775-BD4A-469C-BCAB-3ED830B811AF}.Release|Any CPU.Build.0 = Release|Any CPU
		{D5207217-61C7-4E94-8097-91DBACE57D2A}.Debug|Any CPU.ActiveCfg = Debug|Any CPU
		{D5207217-61C7-4E94-8097-91DBACE57D2A}.Release|Any CPU.ActiveCfg = Release|Any CPU
		{3E10302D-A379-47E4-9964-4E057C688E00}.Debug|Any CPU.ActiveCfg = Debug|Any CPU
		{3E10302D-A379-47E4-9964-4E057C688E00}.Debug|Any CPU.Build.0 = Debug|Any CPU
		{3E10302D-A379-47E4-9964-4E057C688E00}.Release|Any CPU.ActiveCfg = Release|Any CPU
		{3E10302D-A379-47E4-9964-4E057C688E00}.Release|Any CPU.Build.0 = Release|Any CPU
		{9D6F55C7-BBA1-492D-B89C-62008F634810}.Debug|Any CPU.ActiveCfg = Debug|Any CPU
		{9D6F55C7-BBA1-492D-B89C-62008F634810}.Debug|Any CPU.Build.0 = Debug|Any CPU
		{9D6F55C7-BBA1-492D-B89C-62008F634810}.Release|Any CPU.ActiveCfg = Release|Any CPU
		{9D6F55C7-BBA1-492D-B89C-62008F634810}.Release|Any CPU.Build.0 = Release|Any CPU
	EndGlobalSection
	GlobalSection(SolutionProperties) = preSolution
		HideSolutionNode = FALSE
	EndGlobalSection
	GlobalSection(ExtensibilityGlobals) = postSolution
		SolutionGuid = {58E09B5D-28D6-47A5-82F4-FEE4FBBAF4F5}
	EndGlobalSection
EndGlobal
